PODS:
  - Alamofire (5.10.2)
  - FlexLayout (2.1.0):
    - Yoga
  - Moya (15.0.0):
    - Moya/Core (= 15.0.0)
  - Moya/Core (15.0.0):
    - Alamofire (~> 5.0)
  - PinLayout (1.10.5)
  - ReactorKit (3.2.0):
    - RxSwift (~> 6.0)
    - WeakMapTable (~> 1.1)
  - RxCocoa (6.8.0):
    - RxRelay (= 6.8.0)
    - RxSwift (= 6.8.0)
  - RxRelay (6.8.0):
    - RxSwift (= 6.8.0)
  - RxSwift (6.8.0)
  - WeakMapTable (1.2.0)
  - Yoga (3.2.1)

DEPENDENCIES:
  - FlexLayout
  - Moya
  - PinLayout
  - ReactorKit
  - RxCocoa
  - RxSwift

SPEC REPOS:
  trunk:
    - Alamofire
    - FlexLayout
    - Moya
    - PinLayout
    - ReactorKit
    - RxCocoa
    - RxRelay
    - RxSwift
    - WeakMapTable
    - Yoga

SPEC CHECKSUMS:
  Alamofire: 7193b3b92c74a07f85569e1a6c4f4237291e7496
  FlexLayout: bf58f5dd86c04d32c057542bb6540e328df73a94
  Moya: 138f0573e53411fb3dc17016add0b748dfbd78ee
  PinLayout: f6c2b63a5a5b24864064e1d15c67de41b4e74748
  ReactorKit: e8b11d6b9c415405f381669b095c154a05b59eca
  RxCocoa: 2d33c1e1e5d66492052ad46b11024ae287572880
  RxRelay: 335c78b926a2aea8d863a6d25f1ed3b5ad8e8705
  RxSwift: 4e28be97cbcfeee614af26d83415febbf2bf6f45
  WeakMapTable: 05c694ce8439a7a9ebabb56187287a63c57673d6
  Yoga: 636ce73bd247407928a7df089f3bc3675916b3ff

PODFILE CHECKSUM: f02baa0325fb867a7c488788e83aafe1159e36b1

COCOAPODS: 1.16.2
