// !$*UTF8*$!
{
	archiveVersion = 1;
	classes = {
	};
	objectVersion = 77;
	objects = {

/* Begin PBXBuildFile section */
		05B65322DB1551C3258AF2E7 /* Pods_Cuckoo_iOSTests.framework in Frameworks */ = {isa = PBXBuildFile; fileRef = D5FFBF6FD3E3D564AFE86A2B /* Pods_Cuckoo_iOSTests.framework */; };
		0C5E13770BEBE697814398DB /* Pods_Cuckoo_iOS_Cuckoo_iOSUITests.framework in Frameworks */ = {isa = PBXBuildFile; fileRef = 674A543CD13F8A67342412EA /* Pods_Cuckoo_iOS_Cuckoo_iOSUITests.framework */; };
		38F079E9520B1DB6E4718450 /* Pods_Cuckoo_iOS.framework in Frameworks */ = {isa = PBXBuildFile; fileRef = 6BD8F9C805103357CDEB8E5D /* Pods_Cuckoo_iOS.framework */; };
/* End PBXBuildFile section */

/* Begin PBXContainerItemProxy section */
		B5BD04192D147BBF008D1EBC /* PBXContainerItemProxy */ = {
			isa = PBXContainerItemProxy;
			containerPortal = B5BD03FA2D147BBD008D1EBC /* Project object */;
			proxyType = 1;
			remoteGlobalIDString = B5BD04012D147BBD008D1EBC;
			remoteInfo = "Cuckoo-iOS";
		};
		B5BD04232D147BBF008D1EBC /* PBXContainerItemProxy */ = {
			isa = PBXContainerItemProxy;
			containerPortal = B5BD03FA2D147BBD008D1EBC /* Project object */;
			proxyType = 1;
			remoteGlobalIDString = B5BD04012D147BBD008D1EBC;
			remoteInfo = "Cuckoo-iOS";
		};
/* End PBXContainerItemProxy section */

/* Begin PBXFileReference section */
		2A24454E91520E05331C1782 /* Pods-Cuckoo-iOS-Cuckoo-iOSUITests.release.xcconfig */ = {isa = PBXFileReference; includeInIndex = 1; lastKnownFileType = text.xcconfig; name = "Pods-Cuckoo-iOS-Cuckoo-iOSUITests.release.xcconfig"; path = "Target Support Files/Pods-Cuckoo-iOS-Cuckoo-iOSUITests/Pods-Cuckoo-iOS-Cuckoo-iOSUITests.release.xcconfig"; sourceTree = "<group>"; };
		5F4300E554916DE8DFB2FDCD /* Pods-Cuckoo-iOSTests.debug.xcconfig */ = {isa = PBXFileReference; includeInIndex = 1; lastKnownFileType = text.xcconfig; name = "Pods-Cuckoo-iOSTests.debug.xcconfig"; path = "Target Support Files/Pods-Cuckoo-iOSTests/Pods-Cuckoo-iOSTests.debug.xcconfig"; sourceTree = "<group>"; };
		674A543CD13F8A67342412EA /* Pods_Cuckoo_iOS_Cuckoo_iOSUITests.framework */ = {isa = PBXFileReference; explicitFileType = wrapper.framework; includeInIndex = 0; path = Pods_Cuckoo_iOS_Cuckoo_iOSUITests.framework; sourceTree = BUILT_PRODUCTS_DIR; };
		678796E8EACB2FD64FF006A9 /* Pods-Cuckoo-iOS.release.xcconfig */ = {isa = PBXFileReference; includeInIndex = 1; lastKnownFileType = text.xcconfig; name = "Pods-Cuckoo-iOS.release.xcconfig"; path = "Target Support Files/Pods-Cuckoo-iOS/Pods-Cuckoo-iOS.release.xcconfig"; sourceTree = "<group>"; };
		6BD8F9C805103357CDEB8E5D /* Pods_Cuckoo_iOS.framework */ = {isa = PBXFileReference; explicitFileType = wrapper.framework; includeInIndex = 0; path = Pods_Cuckoo_iOS.framework; sourceTree = BUILT_PRODUCTS_DIR; };
		8F43532C8E48659857D7A80F /* Pods-Cuckoo-iOS-Cuckoo-iOSUITests.debug.xcconfig */ = {isa = PBXFileReference; includeInIndex = 1; lastKnownFileType = text.xcconfig; name = "Pods-Cuckoo-iOS-Cuckoo-iOSUITests.debug.xcconfig"; path = "Target Support Files/Pods-Cuckoo-iOS-Cuckoo-iOSUITests/Pods-Cuckoo-iOS-Cuckoo-iOSUITests.debug.xcconfig"; sourceTree = "<group>"; };
		96C40D613A7021AD9E11D1CB /* Pods-Cuckoo-iOS.debug.xcconfig */ = {isa = PBXFileReference; includeInIndex = 1; lastKnownFileType = text.xcconfig; name = "Pods-Cuckoo-iOS.debug.xcconfig"; path = "Target Support Files/Pods-Cuckoo-iOS/Pods-Cuckoo-iOS.debug.xcconfig"; sourceTree = "<group>"; };
		B5BD04022D147BBD008D1EBC /* Cuckoo-iOS.app */ = {isa = PBXFileReference; explicitFileType = wrapper.application; includeInIndex = 0; path = "Cuckoo-iOS.app"; sourceTree = BUILT_PRODUCTS_DIR; };
		B5BD04182D147BBF008D1EBC /* Cuckoo-iOSTests.xctest */ = {isa = PBXFileReference; explicitFileType = wrapper.cfbundle; includeInIndex = 0; path = "Cuckoo-iOSTests.xctest"; sourceTree = BUILT_PRODUCTS_DIR; };
		B5BD04222D147BBF008D1EBC /* Cuckoo-iOSUITests.xctest */ = {isa = PBXFileReference; explicitFileType = wrapper.cfbundle; includeInIndex = 0; path = "Cuckoo-iOSUITests.xctest"; sourceTree = BUILT_PRODUCTS_DIR; };
		D5FFBF6FD3E3D564AFE86A2B /* Pods_Cuckoo_iOSTests.framework */ = {isa = PBXFileReference; explicitFileType = wrapper.framework; includeInIndex = 0; path = Pods_Cuckoo_iOSTests.framework; sourceTree = BUILT_PRODUCTS_DIR; };
		E81DBCAB1D66980F7CA5DBFD /* Pods-Cuckoo-iOSTests.release.xcconfig */ = {isa = PBXFileReference; includeInIndex = 1; lastKnownFileType = text.xcconfig; name = "Pods-Cuckoo-iOSTests.release.xcconfig"; path = "Target Support Files/Pods-Cuckoo-iOSTests/Pods-Cuckoo-iOSTests.release.xcconfig"; sourceTree = "<group>"; };
/* End PBXFileReference section */

/* Begin PBXFileSystemSynchronizedBuildFileExceptionSet section */
		B5BD042A2D147BBF008D1EBC /* Exceptions for "Cuckoo-iOS" folder in "Cuckoo-iOS" target */ = {
			isa = PBXFileSystemSynchronizedBuildFileExceptionSet;
			membershipExceptions = (
				Info.plist,
			);
			target = B5BD04012D147BBD008D1EBC /* Cuckoo-iOS */;
		};
/* End PBXFileSystemSynchronizedBuildFileExceptionSet section */

/* Begin PBXFileSystemSynchronizedRootGroup section */
		B5BD04042D147BBD008D1EBC /* Cuckoo-iOS */ = {
			isa = PBXFileSystemSynchronizedRootGroup;
			exceptions = (
				B5BD042A2D147BBF008D1EBC /* Exceptions for "Cuckoo-iOS" folder in "Cuckoo-iOS" target */,
			);
			path = "Cuckoo-iOS";
			sourceTree = "<group>";
		};
		B5BD041B2D147BBF008D1EBC /* Cuckoo-iOSTests */ = {
			isa = PBXFileSystemSynchronizedRootGroup;
			path = "Cuckoo-iOSTests";
			sourceTree = "<group>";
		};
		B5BD04252D147BBF008D1EBC /* Cuckoo-iOSUITests */ = {
			isa = PBXFileSystemSynchronizedRootGroup;
			path = "Cuckoo-iOSUITests";
			sourceTree = "<group>";
		};
/* End PBXFileSystemSynchronizedRootGroup section */

/* Begin PBXFrameworksBuildPhase section */
		B5BD03FF2D147BBD008D1EBC /* Frameworks */ = {
			isa = PBXFrameworksBuildPhase;
			buildActionMask = 2147483647;
			files = (
				38F079E9520B1DB6E4718450 /* Pods_Cuckoo_iOS.framework in Frameworks */,
			);
			runOnlyForDeploymentPostprocessing = 0;
		};
		B5BD04152D147BBF008D1EBC /* Frameworks */ = {
			isa = PBXFrameworksBuildPhase;
			buildActionMask = 2147483647;
			files = (
				05B65322DB1551C3258AF2E7 /* Pods_Cuckoo_iOSTests.framework in Frameworks */,
			);
			runOnlyForDeploymentPostprocessing = 0;
		};
		B5BD041F2D147BBF008D1EBC /* Frameworks */ = {
			isa = PBXFrameworksBuildPhase;
			buildActionMask = 2147483647;
			files = (
				0C5E13770BEBE697814398DB /* Pods_Cuckoo_iOS_Cuckoo_iOSUITests.framework in Frameworks */,
			);
			runOnlyForDeploymentPostprocessing = 0;
		};
/* End PBXFrameworksBuildPhase section */

/* Begin PBXGroup section */
		99ADC20B288E431BA5AF50D3 /* Pods */ = {
			isa = PBXGroup;
			children = (
				96C40D613A7021AD9E11D1CB /* Pods-Cuckoo-iOS.debug.xcconfig */,
				678796E8EACB2FD64FF006A9 /* Pods-Cuckoo-iOS.release.xcconfig */,
				8F43532C8E48659857D7A80F /* Pods-Cuckoo-iOS-Cuckoo-iOSUITests.debug.xcconfig */,
				2A24454E91520E05331C1782 /* Pods-Cuckoo-iOS-Cuckoo-iOSUITests.release.xcconfig */,
				5F4300E554916DE8DFB2FDCD /* Pods-Cuckoo-iOSTests.debug.xcconfig */,
				E81DBCAB1D66980F7CA5DBFD /* Pods-Cuckoo-iOSTests.release.xcconfig */,
			);
			path = Pods;
			sourceTree = "<group>";
		};
		B5BD03F92D147BBD008D1EBC = {
			isa = PBXGroup;
			children = (
				B5BD04042D147BBD008D1EBC /* Cuckoo-iOS */,
				B5BD041B2D147BBF008D1EBC /* Cuckoo-iOSTests */,
				B5BD04252D147BBF008D1EBC /* Cuckoo-iOSUITests */,
				B5BD04032D147BBD008D1EBC /* Products */,
				99ADC20B288E431BA5AF50D3 /* Pods */,
				E9E7626C09204DFC0921A4CB /* Frameworks */,
			);
			sourceTree = "<group>";
		};
		B5BD04032D147BBD008D1EBC /* Products */ = {
			isa = PBXGroup;
			children = (
				B5BD04022D147BBD008D1EBC /* Cuckoo-iOS.app */,
				B5BD04182D147BBF008D1EBC /* Cuckoo-iOSTests.xctest */,
				B5BD04222D147BBF008D1EBC /* Cuckoo-iOSUITests.xctest */,
			);
			name = Products;
			sourceTree = "<group>";
		};
		E9E7626C09204DFC0921A4CB /* Frameworks */ = {
			isa = PBXGroup;
			children = (
				6BD8F9C805103357CDEB8E5D /* Pods_Cuckoo_iOS.framework */,
				674A543CD13F8A67342412EA /* Pods_Cuckoo_iOS_Cuckoo_iOSUITests.framework */,
				D5FFBF6FD3E3D564AFE86A2B /* Pods_Cuckoo_iOSTests.framework */,
			);
			name = Frameworks;
			sourceTree = "<group>";
		};
/* End PBXGroup section */

/* Begin PBXNativeTarget section */
		B5BD04012D147BBD008D1EBC /* Cuckoo-iOS */ = {
			isa = PBXNativeTarget;
			buildConfigurationList = B5BD042B2D147BBF008D1EBC /* Build configuration list for PBXNativeTarget "Cuckoo-iOS" */;
			buildPhases = (
				E757F44EDBBDA81236BD2B9E /* [CP] Check Pods Manifest.lock */,
				B5BD03FE2D147BBD008D1EBC /* Sources */,
				B5BD03FF2D147BBD008D1EBC /* Frameworks */,
				B5BD04002D147BBD008D1EBC /* Resources */,
				1DDF97FD2FB62134227E46BC /* [CP] Embed Pods Frameworks */,
			);
			buildRules = (
			);
			dependencies = (
			);
			fileSystemSynchronizedGroups = (
				B5BD04042D147BBD008D1EBC /* Cuckoo-iOS */,
			);
			name = "Cuckoo-iOS";
			productName = "Cuckoo-iOS";
			productReference = B5BD04022D147BBD008D1EBC /* Cuckoo-iOS.app */;
			productType = "com.apple.product-type.application";
		};
		B5BD04172D147BBF008D1EBC /* Cuckoo-iOSTests */ = {
			isa = PBXNativeTarget;
			buildConfigurationList = B5BD04302D147BBF008D1EBC /* Build configuration list for PBXNativeTarget "Cuckoo-iOSTests" */;
			buildPhases = (
				9D6F4561242B5F63FBBF0002 /* [CP] Check Pods Manifest.lock */,
				B5BD04142D147BBF008D1EBC /* Sources */,
				B5BD04152D147BBF008D1EBC /* Frameworks */,
				B5BD04162D147BBF008D1EBC /* Resources */,
			);
			buildRules = (
			);
			dependencies = (
				B5BD041A2D147BBF008D1EBC /* PBXTargetDependency */,
			);
			fileSystemSynchronizedGroups = (
				B5BD041B2D147BBF008D1EBC /* Cuckoo-iOSTests */,
			);
			name = "Cuckoo-iOSTests";
			productName = "Cuckoo-iOSTests";
			productReference = B5BD04182D147BBF008D1EBC /* Cuckoo-iOSTests.xctest */;
			productType = "com.apple.product-type.bundle.unit-test";
		};
		B5BD04212D147BBF008D1EBC /* Cuckoo-iOSUITests */ = {
			isa = PBXNativeTarget;
			buildConfigurationList = B5BD04332D147BBF008D1EBC /* Build configuration list for PBXNativeTarget "Cuckoo-iOSUITests" */;
			buildPhases = (
				ACF7879C96B149F161F1AED9 /* [CP] Check Pods Manifest.lock */,
				B5BD041E2D147BBF008D1EBC /* Sources */,
				B5BD041F2D147BBF008D1EBC /* Frameworks */,
				B5BD04202D147BBF008D1EBC /* Resources */,
				692C0E909C0C10770C302412 /* [CP] Embed Pods Frameworks */,
			);
			buildRules = (
			);
			dependencies = (
				B5BD04242D147BBF008D1EBC /* PBXTargetDependency */,
			);
			fileSystemSynchronizedGroups = (
				B5BD04252D147BBF008D1EBC /* Cuckoo-iOSUITests */,
			);
			name = "Cuckoo-iOSUITests";
			productName = "Cuckoo-iOSUITests";
			productReference = B5BD04222D147BBF008D1EBC /* Cuckoo-iOSUITests.xctest */;
			productType = "com.apple.product-type.bundle.ui-testing";
		};
/* End PBXNativeTarget section */

/* Begin PBXProject section */
		B5BD03FA2D147BBD008D1EBC /* Project object */ = {
			isa = PBXProject;
			attributes = {
				BuildIndependentTargetsInParallel = 1;
				LastSwiftUpdateCheck = 1620;
				LastUpgradeCheck = 1620;
				TargetAttributes = {
					B5BD04012D147BBD008D1EBC = {
						CreatedOnToolsVersion = 16.2;
					};
					B5BD04172D147BBF008D1EBC = {
						CreatedOnToolsVersion = 16.2;
						TestTargetID = B5BD04012D147BBD008D1EBC;
					};
					B5BD04212D147BBF008D1EBC = {
						CreatedOnToolsVersion = 16.2;
						TestTargetID = B5BD04012D147BBD008D1EBC;
					};
				};
			};
			buildConfigurationList = B5BD03FD2D147BBD008D1EBC /* Build configuration list for PBXProject "Cuckoo-iOS" */;
			developmentRegion = en;
			hasScannedForEncodings = 0;
			knownRegions = (
				en,
				Base,
			);
			mainGroup = B5BD03F92D147BBD008D1EBC;
			minimizedProjectReferenceProxies = 1;
			preferredProjectObjectVersion = 77;
			productRefGroup = B5BD04032D147BBD008D1EBC /* Products */;
			projectDirPath = "";
			projectRoot = "";
			targets = (
				B5BD04012D147BBD008D1EBC /* Cuckoo-iOS */,
				B5BD04172D147BBF008D1EBC /* Cuckoo-iOSTests */,
				B5BD04212D147BBF008D1EBC /* Cuckoo-iOSUITests */,
			);
		};
/* End PBXProject section */

/* Begin PBXResourcesBuildPhase section */
		B5BD04002D147BBD008D1EBC /* Resources */ = {
			isa = PBXResourcesBuildPhase;
			buildActionMask = 2147483647;
			files = (
			);
			runOnlyForDeploymentPostprocessing = 0;
		};
		B5BD04162D147BBF008D1EBC /* Resources */ = {
			isa = PBXResourcesBuildPhase;
			buildActionMask = 2147483647;
			files = (
			);
			runOnlyForDeploymentPostprocessing = 0;
		};
		B5BD04202D147BBF008D1EBC /* Resources */ = {
			isa = PBXResourcesBuildPhase;
			buildActionMask = 2147483647;
			files = (
			);
			runOnlyForDeploymentPostprocessing = 0;
		};
/* End PBXResourcesBuildPhase section */

/* Begin PBXShellScriptBuildPhase section */
		1DDF97FD2FB62134227E46BC /* [CP] Embed Pods Frameworks */ = {
			isa = PBXShellScriptBuildPhase;
			buildActionMask = 2147483647;
			files = (
			);
			inputFileListPaths = (
				"${PODS_ROOT}/Target Support Files/Pods-Cuckoo-iOS/Pods-Cuckoo-iOS-frameworks-${CONFIGURATION}-input-files.xcfilelist",
			);
			name = "[CP] Embed Pods Frameworks";
			outputFileListPaths = (
				"${PODS_ROOT}/Target Support Files/Pods-Cuckoo-iOS/Pods-Cuckoo-iOS-frameworks-${CONFIGURATION}-output-files.xcfilelist",
			);
			runOnlyForDeploymentPostprocessing = 0;
			shellPath = /bin/sh;
			shellScript = "\"${PODS_ROOT}/Target Support Files/Pods-Cuckoo-iOS/Pods-Cuckoo-iOS-frameworks.sh\"\n";
			showEnvVarsInLog = 0;
		};
		692C0E909C0C10770C302412 /* [CP] Embed Pods Frameworks */ = {
			isa = PBXShellScriptBuildPhase;
			buildActionMask = 2147483647;
			files = (
			);
			inputFileListPaths = (
				"${PODS_ROOT}/Target Support Files/Pods-Cuckoo-iOS-Cuckoo-iOSUITests/Pods-Cuckoo-iOS-Cuckoo-iOSUITests-frameworks-${CONFIGURATION}-input-files.xcfilelist",
			);
			name = "[CP] Embed Pods Frameworks";
			outputFileListPaths = (
				"${PODS_ROOT}/Target Support Files/Pods-Cuckoo-iOS-Cuckoo-iOSUITests/Pods-Cuckoo-iOS-Cuckoo-iOSUITests-frameworks-${CONFIGURATION}-output-files.xcfilelist",
			);
			runOnlyForDeploymentPostprocessing = 0;
			shellPath = /bin/sh;
			shellScript = "\"${PODS_ROOT}/Target Support Files/Pods-Cuckoo-iOS-Cuckoo-iOSUITests/Pods-Cuckoo-iOS-Cuckoo-iOSUITests-frameworks.sh\"\n";
			showEnvVarsInLog = 0;
		};
		9D6F4561242B5F63FBBF0002 /* [CP] Check Pods Manifest.lock */ = {
			isa = PBXShellScriptBuildPhase;
			buildActionMask = 2147483647;
			files = (
			);
			inputFileListPaths = (
			);
			inputPaths = (
				"${PODS_PODFILE_DIR_PATH}/Podfile.lock",
				"${PODS_ROOT}/Manifest.lock",
			);
			name = "[CP] Check Pods Manifest.lock";
			outputFileListPaths = (
			);
			outputPaths = (
				"$(DERIVED_FILE_DIR)/Pods-Cuckoo-iOSTests-checkManifestLockResult.txt",
			);
			runOnlyForDeploymentPostprocessing = 0;
			shellPath = /bin/sh;
			shellScript = "diff \"${PODS_PODFILE_DIR_PATH}/Podfile.lock\" \"${PODS_ROOT}/Manifest.lock\" > /dev/null\nif [ $? != 0 ] ; then\n    # print error to STDERR\n    echo \"error: The sandbox is not in sync with the Podfile.lock. Run 'pod install' or update your CocoaPods installation.\" >&2\n    exit 1\nfi\n# This output is used by Xcode 'outputs' to avoid re-running this script phase.\necho \"SUCCESS\" > \"${SCRIPT_OUTPUT_FILE_0}\"\n";
			showEnvVarsInLog = 0;
		};
		ACF7879C96B149F161F1AED9 /* [CP] Check Pods Manifest.lock */ = {
			isa = PBXShellScriptBuildPhase;
			buildActionMask = 2147483647;
			files = (
			);
			inputFileListPaths = (
			);
			inputPaths = (
				"${PODS_PODFILE_DIR_PATH}/Podfile.lock",
				"${PODS_ROOT}/Manifest.lock",
			);
			name = "[CP] Check Pods Manifest.lock";
			outputFileListPaths = (
			);
			outputPaths = (
				"$(DERIVED_FILE_DIR)/Pods-Cuckoo-iOS-Cuckoo-iOSUITests-checkManifestLockResult.txt",
			);
			runOnlyForDeploymentPostprocessing = 0;
			shellPath = /bin/sh;
			shellScript = "diff \"${PODS_PODFILE_DIR_PATH}/Podfile.lock\" \"${PODS_ROOT}/Manifest.lock\" > /dev/null\nif [ $? != 0 ] ; then\n    # print error to STDERR\n    echo \"error: The sandbox is not in sync with the Podfile.lock. Run 'pod install' or update your CocoaPods installation.\" >&2\n    exit 1\nfi\n# This output is used by Xcode 'outputs' to avoid re-running this script phase.\necho \"SUCCESS\" > \"${SCRIPT_OUTPUT_FILE_0}\"\n";
			showEnvVarsInLog = 0;
		};
		E757F44EDBBDA81236BD2B9E /* [CP] Check Pods Manifest.lock */ = {
			isa = PBXShellScriptBuildPhase;
			buildActionMask = 2147483647;
			files = (
			);
			inputFileListPaths = (
			);
			inputPaths = (
				"${PODS_PODFILE_DIR_PATH}/Podfile.lock",
				"${PODS_ROOT}/Manifest.lock",
			);
			name = "[CP] Check Pods Manifest.lock";
			outputFileListPaths = (
			);
			outputPaths = (
				"$(DERIVED_FILE_DIR)/Pods-Cuckoo-iOS-checkManifestLockResult.txt",
			);
			runOnlyForDeploymentPostprocessing = 0;
			shellPath = /bin/sh;
			shellScript = "diff \"${PODS_PODFILE_DIR_PATH}/Podfile.lock\" \"${PODS_ROOT}/Manifest.lock\" > /dev/null\nif [ $? != 0 ] ; then\n    # print error to STDERR\n    echo \"error: The sandbox is not in sync with the Podfile.lock. Run 'pod install' or update your CocoaPods installation.\" >&2\n    exit 1\nfi\n# This output is used by Xcode 'outputs' to avoid re-running this script phase.\necho \"SUCCESS\" > \"${SCRIPT_OUTPUT_FILE_0}\"\n";
			showEnvVarsInLog = 0;
		};
/* End PBXShellScriptBuildPhase section */

/* Begin PBXSourcesBuildPhase section */
		B5BD03FE2D147BBD008D1EBC /* Sources */ = {
			isa = PBXSourcesBuildPhase;
			buildActionMask = 2147483647;
			files = (
			);
			runOnlyForDeploymentPostprocessing = 0;
		};
		B5BD04142D147BBF008D1EBC /* Sources */ = {
			isa = PBXSourcesBuildPhase;
			buildActionMask = 2147483647;
			files = (
			);
			runOnlyForDeploymentPostprocessing = 0;
		};
		B5BD041E2D147BBF008D1EBC /* Sources */ = {
			isa = PBXSourcesBuildPhase;
			buildActionMask = 2147483647;
			files = (
			);
			runOnlyForDeploymentPostprocessing = 0;
		};
/* End PBXSourcesBuildPhase section */

/* Begin PBXTargetDependency section */
		B5BD041A2D147BBF008D1EBC /* PBXTargetDependency */ = {
			isa = PBXTargetDependency;
			target = B5BD04012D147BBD008D1EBC /* Cuckoo-iOS */;
			targetProxy = B5BD04192D147BBF008D1EBC /* PBXContainerItemProxy */;
		};
		B5BD04242D147BBF008D1EBC /* PBXTargetDependency */ = {
			isa = PBXTargetDependency;
			target = B5BD04012D147BBD008D1EBC /* Cuckoo-iOS */;
			targetProxy = B5BD04232D147BBF008D1EBC /* PBXContainerItemProxy */;
		};
/* End PBXTargetDependency section */

/* Begin XCBuildConfiguration section */
		B5BD042C2D147BBF008D1EBC /* Debug */ = {
			isa = XCBuildConfiguration;
			baseConfigurationReference = 96C40D613A7021AD9E11D1CB /* Pods-Cuckoo-iOS.debug.xcconfig */;
			buildSettings = {
				ASSETCATALOG_COMPILER_APPICON_NAME = AppIcon;
				ASSETCATALOG_COMPILER_GLOBAL_ACCENT_COLOR_NAME = AccentColor;
				CODE_SIGN_STYLE = Automatic;
				CURRENT_PROJECT_VERSION = 1;
				DEVELOPMENT_TEAM = AU24ZRJ649;
				GENERATE_INFOPLIST_FILE = YES;
				INFOPLIST_FILE = "Cuckoo-iOS/Info.plist";
				INFOPLIST_KEY_UIApplicationSupportsIndirectInputEvents = YES;
				INFOPLIST_KEY_UILaunchStoryboardName = LaunchScreen;
				INFOPLIST_KEY_UIMainStoryboardFile = Main;
				INFOPLIST_KEY_UISupportedInterfaceOrientations_iPad = "UIInterfaceOrientationPortrait UIInterfaceOrientationPortraitUpsideDown UIInterfaceOrientationLandscapeLeft UIInterfaceOrientationLandscapeRight";
				INFOPLIST_KEY_UISupportedInterfaceOrientations_iPhone = "UIInterfaceOrientationPortrait UIInterfaceOrientationLandscapeLeft UIInterfaceOrientationLandscapeRight";
				LD_RUNPATH_SEARCH_PATHS = (
					"$(inherited)",
					"@executable_path/Frameworks",
				);
				MARKETING_VERSION = 1.0;
				PRODUCT_BUNDLE_IDENTIFIER = "com.minjae.Cuckoo-iOS";
				PRODUCT_NAME = "$(TARGET_NAME)";
				SWIFT_EMIT_LOC_STRINGS = YES;
				SWIFT_VERSION = 5.0;
				TARGETED_DEVICE_FAMILY = "1,2";
			};
			name = Debug;
		};
		B5BD042D2D147BBF008D1EBC /* Release */ = {
			isa = XCBuildConfiguration;
			baseConfigurationReference = 678796E8EACB2FD64FF006A9 /* Pods-Cuckoo-iOS.release.xcconfig */;
			buildSettings = {
				ASSETCATALOG_COMPILER_APPICON_NAME = AppIcon;
				ASSETCATALOG_COMPILER_GLOBAL_ACCENT_COLOR_NAME = AccentColor;
				CODE_SIGN_STYLE = Automatic;
				CURRENT_PROJECT_VERSION = 1;
				DEVELOPMENT_TEAM = AU24ZRJ649;
				GENERATE_INFOPLIST_FILE = YES;
				INFOPLIST_FILE = "Cuckoo-iOS/Info.plist";
				INFOPLIST_KEY_UIApplicationSupportsIndirectInputEvents = YES;
				INFOPLIST_KEY_UILaunchStoryboardName = LaunchScreen;
				INFOPLIST_KEY_UIMainStoryboardFile = Main;
				INFOPLIST_KEY_UISupportedInterfaceOrientations_iPad = "UIInterfaceOrientationPortrait UIInterfaceOrientationPortraitUpsideDown UIInterfaceOrientationLandscapeLeft UIInterfaceOrientationLandscapeRight";
				INFOPLIST_KEY_UISupportedInterfaceOrientations_iPhone = "UIInterfaceOrientationPortrait UIInterfaceOrientationLandscapeLeft UIInterfaceOrientationLandscapeRight";
				LD_RUNPATH_SEARCH_PATHS = (
					"$(inherited)",
					"@executable_path/Frameworks",
				);
				MARKETING_VERSION = 1.0;
				PRODUCT_BUNDLE_IDENTIFIER = "com.minjae.Cuckoo-iOS";
				PRODUCT_NAME = "$(TARGET_NAME)";
				SWIFT_EMIT_LOC_STRINGS = YES;
				SWIFT_VERSION = 5.0;
				TARGETED_DEVICE_FAMILY = "1,2";
			};
			name = Release;
		};
		B5BD042E2D147BBF008D1EBC /* Debug */ = {
			isa = XCBuildConfiguration;
			buildSettings = {
				ALWAYS_SEARCH_USER_PATHS = NO;
				ASSETCATALOG_COMPILER_GENERATE_SWIFT_ASSET_SYMBOL_EXTENSIONS = YES;
				CLANG_ANALYZER_NONNULL = YES;
				CLANG_ANALYZER_NUMBER_OBJECT_CONVERSION = YES_AGGRESSIVE;
				CLANG_CXX_LANGUAGE_STANDARD = "gnu++20";
				CLANG_ENABLE_MODULES = YES;
				CLANG_ENABLE_OBJC_ARC = YES;
				CLANG_ENABLE_OBJC_WEAK = YES;
				CLANG_WARN_BLOCK_CAPTURE_AUTORELEASING = YES;
				CLANG_WARN_BOOL_CONVERSION = YES;
				CLANG_WARN_COMMA = YES;
				CLANG_WARN_CONSTANT_CONVERSION = YES;
				CLANG_WARN_DEPRECATED_OBJC_IMPLEMENTATIONS = YES;
				CLANG_WARN_DIRECT_OBJC_ISA_USAGE = YES_ERROR;
				CLANG_WARN_DOCUMENTATION_COMMENTS = YES;
				CLANG_WARN_EMPTY_BODY = YES;
				CLANG_WARN_ENUM_CONVERSION = YES;
				CLANG_WARN_INFINITE_RECURSION = YES;
				CLANG_WARN_INT_CONVERSION = YES;
				CLANG_WARN_NON_LITERAL_NULL_CONVERSION = YES;
				CLANG_WARN_OBJC_IMPLICIT_RETAIN_SELF = YES;
				CLANG_WARN_OBJC_LITERAL_CONVERSION = YES;
				CLANG_WARN_OBJC_ROOT_CLASS = YES_ERROR;
				CLANG_WARN_QUOTED_INCLUDE_IN_FRAMEWORK_HEADER = YES;
				CLANG_WARN_RANGE_LOOP_ANALYSIS = YES;
				CLANG_WARN_STRICT_PROTOTYPES = YES;
				CLANG_WARN_SUSPICIOUS_MOVE = YES;
				CLANG_WARN_UNGUARDED_AVAILABILITY = YES_AGGRESSIVE;
				CLANG_WARN_UNREACHABLE_CODE = YES;
				CLANG_WARN__DUPLICATE_METHOD_MATCH = YES;
				COPY_PHASE_STRIP = NO;
				DEBUG_INFORMATION_FORMAT = dwarf;
				ENABLE_STRICT_OBJC_MSGSEND = YES;
				ENABLE_TESTABILITY = YES;
				ENABLE_USER_SCRIPT_SANDBOXING = YES;
				GCC_C_LANGUAGE_STANDARD = gnu17;
				GCC_DYNAMIC_NO_PIC = NO;
				GCC_NO_COMMON_BLOCKS = YES;
				GCC_OPTIMIZATION_LEVEL = 0;
				GCC_PREPROCESSOR_DEFINITIONS = (
					"DEBUG=1",
					"$(inherited)",
				);
				GCC_WARN_64_TO_32_BIT_CONVERSION = YES;
				GCC_WARN_ABOUT_RETURN_TYPE = YES_ERROR;
				GCC_WARN_UNDECLARED_SELECTOR = YES;
				GCC_WARN_UNINITIALIZED_AUTOS = YES_AGGRESSIVE;
				GCC_WARN_UNUSED_FUNCTION = YES;
				GCC_WARN_UNUSED_VARIABLE = YES;
				IPHONEOS_DEPLOYMENT_TARGET = 18.2;
				LOCALIZATION_PREFERS_STRING_CATALOGS = YES;
				MTL_ENABLE_DEBUG_INFO = INCLUDE_SOURCE;
				MTL_FAST_MATH = YES;
				ONLY_ACTIVE_ARCH = YES;
				SDKROOT = iphoneos;
				SWIFT_ACTIVE_COMPILATION_CONDITIONS = "DEBUG $(inherited)";
				SWIFT_OPTIMIZATION_LEVEL = "-Onone";
			};
			name = Debug;
		};
		B5BD042F2D147BBF008D1EBC /* Release */ = {
			isa = XCBuildConfiguration;
			buildSettings = {
				ALWAYS_SEARCH_USER_PATHS = NO;
				ASSETCATALOG_COMPILER_GENERATE_SWIFT_ASSET_SYMBOL_EXTENSIONS = YES;
				CLANG_ANALYZER_NONNULL = YES;
				CLANG_ANALYZER_NUMBER_OBJECT_CONVERSION = YES_AGGRESSIVE;
				CLANG_CXX_LANGUAGE_STANDARD = "gnu++20";
				CLANG_ENABLE_MODULES = YES;
				CLANG_ENABLE_OBJC_ARC = YES;
				CLANG_ENABLE_OBJC_WEAK = YES;
				CLANG_WARN_BLOCK_CAPTURE_AUTORELEASING = YES;
				CLANG_WARN_BOOL_CONVERSION = YES;
				CLANG_WARN_COMMA = YES;
				CLANG_WARN_CONSTANT_CONVERSION = YES;
				CLANG_WARN_DEPRECATED_OBJC_IMPLEMENTATIONS = YES;
				CLANG_WARN_DIRECT_OBJC_ISA_USAGE = YES_ERROR;
				CLANG_WARN_DOCUMENTATION_COMMENTS = YES;
				CLANG_WARN_EMPTY_BODY = YES;
				CLANG_WARN_ENUM_CONVERSION = YES;
				CLANG_WARN_INFINITE_RECURSION = YES;
				CLANG_WARN_INT_CONVERSION = YES;
				CLANG_WARN_NON_LITERAL_NULL_CONVERSION = YES;
				CLANG_WARN_OBJC_IMPLICIT_RETAIN_SELF = YES;
				CLANG_WARN_OBJC_LITERAL_CONVERSION = YES;
				CLANG_WARN_OBJC_ROOT_CLASS = YES_ERROR;
				CLANG_WARN_QUOTED_INCLUDE_IN_FRAMEWORK_HEADER = YES;
				CLANG_WARN_RANGE_LOOP_ANALYSIS = YES;
				CLANG_WARN_STRICT_PROTOTYPES = YES;
				CLANG_WARN_SUSPICIOUS_MOVE = YES;
				CLANG_WARN_UNGUARDED_AVAILABILITY = YES_AGGRESSIVE;
				CLANG_WARN_UNREACHABLE_CODE = YES;
				CLANG_WARN__DUPLICATE_METHOD_MATCH = YES;
				COPY_PHASE_STRIP = NO;
				DEBUG_INFORMATION_FORMAT = "dwarf-with-dsym";
				ENABLE_NS_ASSERTIONS = NO;
				ENABLE_STRICT_OBJC_MSGSEND = YES;
				ENABLE_USER_SCRIPT_SANDBOXING = YES;
				GCC_C_LANGUAGE_STANDARD = gnu17;
				GCC_NO_COMMON_BLOCKS = YES;
				GCC_WARN_64_TO_32_BIT_CONVERSION = YES;
				GCC_WARN_ABOUT_RETURN_TYPE = YES_ERROR;
				GCC_WARN_UNDECLARED_SELECTOR = YES;
				GCC_WARN_UNINITIALIZED_AUTOS = YES_AGGRESSIVE;
				GCC_WARN_UNUSED_FUNCTION = YES;
				GCC_WARN_UNUSED_VARIABLE = YES;
				IPHONEOS_DEPLOYMENT_TARGET = 18.2;
				LOCALIZATION_PREFERS_STRING_CATALOGS = YES;
				MTL_ENABLE_DEBUG_INFO = NO;
				MTL_FAST_MATH = YES;
				SDKROOT = iphoneos;
				SWIFT_COMPILATION_MODE = wholemodule;
				VALIDATE_PRODUCT = YES;
			};
			name = Release;
		};
		B5BD04312D147BBF008D1EBC /* Debug */ = {
			isa = XCBuildConfiguration;
			baseConfigurationReference = 5F4300E554916DE8DFB2FDCD /* Pods-Cuckoo-iOSTests.debug.xcconfig */;
			buildSettings = {
				BUNDLE_LOADER = "$(TEST_HOST)";
				CODE_SIGN_STYLE = Automatic;
				CURRENT_PROJECT_VERSION = 1;
				DEVELOPMENT_TEAM = AU24ZRJ649;
				GENERATE_INFOPLIST_FILE = YES;
				IPHONEOS_DEPLOYMENT_TARGET = 18.2;
				MARKETING_VERSION = 1.0;
				PRODUCT_BUNDLE_IDENTIFIER = "com.minjae.Cuckoo-iOSTests";
				PRODUCT_NAME = "$(TARGET_NAME)";
				SWIFT_EMIT_LOC_STRINGS = NO;
				SWIFT_VERSION = 5.0;
				TARGETED_DEVICE_FAMILY = "1,2";
				TEST_HOST = "$(BUILT_PRODUCTS_DIR)/Cuckoo-iOS.app/$(BUNDLE_EXECUTABLE_FOLDER_PATH)/Cuckoo-iOS";
			};
			name = Debug;
		};
		B5BD04322D147BBF008D1EBC /* Release */ = {
			isa = XCBuildConfiguration;
			baseConfigurationReference = E81DBCAB1D66980F7CA5DBFD /* Pods-Cuckoo-iOSTests.release.xcconfig */;
			buildSettings = {
				BUNDLE_LOADER = "$(TEST_HOST)";
				CODE_SIGN_STYLE = Automatic;
				CURRENT_PROJECT_VERSION = 1;
				DEVELOPMENT_TEAM = AU24ZRJ649;
				GENERATE_INFOPLIST_FILE = YES;
				IPHONEOS_DEPLOYMENT_TARGET = 18.2;
				MARKETING_VERSION = 1.0;
				PRODUCT_BUNDLE_IDENTIFIER = "com.minjae.Cuckoo-iOSTests";
				PRODUCT_NAME = "$(TARGET_NAME)";
				SWIFT_EMIT_LOC_STRINGS = NO;
				SWIFT_VERSION = 5.0;
				TARGETED_DEVICE_FAMILY = "1,2";
				TEST_HOST = "$(BUILT_PRODUCTS_DIR)/Cuckoo-iOS.app/$(BUNDLE_EXECUTABLE_FOLDER_PATH)/Cuckoo-iOS";
			};
			name = Release;
		};
		B5BD04342D147BBF008D1EBC /* Debug */ = {
			isa = XCBuildConfiguration;
			baseConfigurationReference = 8F43532C8E48659857D7A80F /* Pods-Cuckoo-iOS-Cuckoo-iOSUITests.debug.xcconfig */;
			buildSettings = {
				CODE_SIGN_STYLE = Automatic;
				CURRENT_PROJECT_VERSION = 1;
				DEVELOPMENT_TEAM = AU24ZRJ649;
				GENERATE_INFOPLIST_FILE = YES;
				MARKETING_VERSION = 1.0;
				PRODUCT_BUNDLE_IDENTIFIER = "com.minjae.Cuckoo-iOSUITests";
				PRODUCT_NAME = "$(TARGET_NAME)";
				SWIFT_EMIT_LOC_STRINGS = NO;
				SWIFT_VERSION = 5.0;
				TARGETED_DEVICE_FAMILY = "1,2";
				TEST_TARGET_NAME = "Cuckoo-iOS";
			};
			name = Debug;
		};
		B5BD04352D147BBF008D1EBC /* Release */ = {
			isa = XCBuildConfiguration;
			baseConfigurationReference = 2A24454E91520E05331C1782 /* Pods-Cuckoo-iOS-Cuckoo-iOSUITests.release.xcconfig */;
			buildSettings = {
				CODE_SIGN_STYLE = Automatic;
				CURRENT_PROJECT_VERSION = 1;
				DEVELOPMENT_TEAM = AU24ZRJ649;
				GENERATE_INFOPLIST_FILE = YES;
				MARKETING_VERSION = 1.0;
				PRODUCT_BUNDLE_IDENTIFIER = "com.minjae.Cuckoo-iOSUITests";
				PRODUCT_NAME = "$(TARGET_NAME)";
				SWIFT_EMIT_LOC_STRINGS = NO;
				SWIFT_VERSION = 5.0;
				TARGETED_DEVICE_FAMILY = "1,2";
				TEST_TARGET_NAME = "Cuckoo-iOS";
			};
			name = Release;
		};
/* End XCBuildConfiguration section */

/* Begin XCConfigurationList section */
		B5BD03FD2D147BBD008D1EBC /* Build configuration list for PBXProject "Cuckoo-iOS" */ = {
			isa = XCConfigurationList;
			buildConfigurations = (
				B5BD042E2D147BBF008D1EBC /* Debug */,
				B5BD042F2D147BBF008D1EBC /* Release */,
			);
			defaultConfigurationIsVisible = 0;
			defaultConfigurationName = Release;
		};
		B5BD042B2D147BBF008D1EBC /* Build configuration list for PBXNativeTarget "Cuckoo-iOS" */ = {
			isa = XCConfigurationList;
			buildConfigurations = (
				B5BD042C2D147BBF008D1EBC /* Debug */,
				B5BD042D2D147BBF008D1EBC /* Release */,
			);
			defaultConfigurationIsVisible = 0;
			defaultConfigurationName = Release;
		};
		B5BD04302D147BBF008D1EBC /* Build configuration list for PBXNativeTarget "Cuckoo-iOSTests" */ = {
			isa = XCConfigurationList;
			buildConfigurations = (
				B5BD04312D147BBF008D1EBC /* Debug */,
				B5BD04322D147BBF008D1EBC /* Release */,
			);
			defaultConfigurationIsVisible = 0;
			defaultConfigurationName = Release;
		};
		B5BD04332D147BBF008D1EBC /* Build configuration list for PBXNativeTarget "Cuckoo-iOSUITests" */ = {
			isa = XCConfigurationList;
			buildConfigurations = (
				B5BD04342D147BBF008D1EBC /* Debug */,
				B5BD04352D147BBF008D1EBC /* Release */,
			);
			defaultConfigurationIsVisible = 0;
			defaultConfigurationName = Release;
		};
/* End XCConfigurationList section */
	};
	rootObject = B5BD03FA2D147BBD008D1EBC /* Project object */;
}
